
Microsoft Visual Studio Solution File, Format Version 12.00
# Visual Studio Version 17
VisualStudioVersion = 17.10.35013.160
MinimumVisualStudioVersion = 10.0.40219.1
Project("{FAE04EC0-301F-11D3-BF4B-00C04F79EFBC}") = "gestion_employe", "gestion_employe.csproj", "{159BB050-7BC0-4D1B-86B5-0E0CDDC9CE3C}"
EndProject
Global
	GlobalSection(SolutionConfigurationPlatforms) = preSolution
		Debug|Any CPU = Debug|Any CPU
		Release|Any CPU = Release|Any CPU
	EndGlobalSection
	GlobalSection(ProjectConfigurationPlatforms) = postSolution
		{159BB050-7BC0-4D1B-86B5-0E0CDDC9CE3C}.Debug|Any CPU.ActiveCfg = Debug|Any CPU
		{159BB050-7BC0-4D1B-86B5-0E0CDDC9CE3C}.Debug|Any CPU.Build.0 = Debug|Any CPU
		{159BB050-7BC0-4D1B-86B5-0E0CDDC9CE3C}.Release|Any CPU.ActiveCfg = Release|Any CPU
		{159BB050-7BC0-4D1B-86B5-0E0CDDC9CE3C}.Release|Any CPU.Build.0 = Release|Any CPU
	EndGlobalSection
	GlobalSection(SolutionProperties) = preSolution
		HideSolutionNode = FALSE
	EndGlobalSection
	GlobalSection(ExtensibilityGlobals) = postSolution
		SolutionGuid = {9F456E6D-735A-4E6D-B3BD-382BD1D38630}
	EndGlobalSection
EndGlobal
